// !$*UTF8*$!
{
	archiveVersion = 1;
	classes = {
	};
	objectVersion = 51;
	objects = {

/* Begin PBXBuildFile section */
		110187B7F78DAA7D27233738 /* Pods_RealmStudy.framework in Frameworks */ = {isa = PBXBuildFile; fileRef = 6C046C117E06122A4EB6AD2C /* Pods_RealmStudy.framework */; };
		D383042B2493102F00A827D0 /* Account.swift in Sources */ = {isa = PBXBuildFile; fileRef = D383042A2493102F00A827D0 /* Account.swift */; };
		D3D0055224930D0400D23007 /* AppDelegate.swift in Sources */ = {isa = PBXBuildFile; fileRef = D3D0055124930D0400D23007 /* AppDelegate.swift */; };
		D3D0055424930D0400D23007 /* SceneDelegate.swift in Sources */ = {isa = PBXBuildFile; fileRef = D3D0055324930D0400D23007 /* SceneDelegate.swift */; };
		D3D0055624930D0400D23007 /* ViewController.swift in Sources */ = {isa = PBXBuildFile; fileRef = D3D0055524930D0400D23007 /* ViewController.swift */; };
		D3D0055924930D0500D23007 /* Main.storyboard in Resources */ = {isa = PBXBuildFile; fileRef = D3D0055724930D0500D23007 /* Main.storyboard */; };
		D3D0055B24930D0C00D23007 /* Assets.xcassets in Resources */ = {isa = PBXBuildFile; fileRef = D3D0055A24930D0C00D23007 /* Assets.xcassets */; };
		D3D0055E24930D0C00D23007 /* LaunchScreen.storyboard in Resources */ = {isa = PBXBuildFile; fileRef = D3D0055C24930D0C00D23007 /* LaunchScreen.storyboard */; };
/* End PBXBuildFile section */

/* Begin PBXFileReference section */
		6C046C117E06122A4EB6AD2C /* Pods_RealmStudy.framework */ = {isa = PBXFileReference; explicitFileType = wrapper.framework; includeInIndex = 0; path = Pods_RealmStudy.framework; sourceTree = BUILT_PRODUCTS_DIR; };
		82CA032743CC5E9245EB1A0F /* Pods-RealmStudy.release.xcconfig */ = {isa = PBXFileReference; includeInIndex = 1; lastKnownFileType = text.xcconfig; name = "Pods-RealmStudy.release.xcconfig"; path = "Target Support Files/Pods-RealmStudy/Pods-RealmStudy.release.xcconfig"; sourceTree = "<group>"; };
		D383042A2493102F00A827D0 /* Account.swift */ = {isa = PBXFileReference; lastKnownFileType = sourcecode.swift; path = Account.swift; sourceTree = "<group>"; };
		D3D0054E24930D0400D23007 /* RealmStudy.app */ = {isa = PBXFileReference; explicitFileType = wrapper.application; includeInIndex = 0; path = RealmStudy.app; sourceTree = BUILT_PRODUCTS_DIR; };
		D3D0055124930D0400D23007 /* AppDelegate.swift */ = {isa = PBXFileReference; lastKnownFileType = sourcecode.swift; path = AppDelegate.swift; sourceTree = "<group>"; };
		D3D0055324930D0400D23007 /* SceneDelegate.swift */ = {isa = PBXFileReference; lastKnownFileType = sourcecode.swift; path = SceneDelegate.swift; sourceTree = "<group>"; };
		D3D0055524930D0400D23007 /* ViewController.swift */ = {isa = PBXFileReference; lastKnownFileType = sourcecode.swift; path = ViewController.swift; sourceTree = "<group>"; };
		D3D0055824930D0500D23007 /* Base */ = {isa = PBXFileReference; lastKnownFileType = file.storyboard; name = Base; path = Base.lproj/Main.storyboard; sourceTree = "<group>"; };
		D3D0055A24930D0C00D23007 /* Assets.xcassets */ = {isa = PBXFileReference; lastKnownFileType = folder.assetcatalog; path = Assets.xcassets; sourceTree = "<group>"; };
		D3D0055D24930D0C00D23007 /* Base */ = {isa = PBXFileReference; lastKnownFileType = file.storyboard; name = Base; path = Base.lproj/LaunchScreen.storyboard; sourceTree = "<group>"; };
		D3D0055F24930D0C00D23007 /* Info.plist */ = {isa = PBXFileReference; lastKnownFileType = text.plist.xml; path = Info.plist; sourceTree = "<group>"; };
		F0870E1CF19301C325C1EB2E /* Pods-RealmStudy.debug.xcconfig */ = {isa = PBXFileReference; includeInIndex = 1; lastKnownFileType = text.xcconfig; name = "Pods-RealmStudy.debug.xcconfig"; path = "Target Support Files/Pods-RealmStudy/Pods-RealmStudy.debug.xcconfig"; sourceTree = "<group>"; };
/* End PBXFileReference section */

/* Begin PBXFrameworksBuildPhase section */
		D3D0054B24930D0400D23007 /* Frameworks */ = {
			isa = PBXFrameworksBuildPhase;
			buildActionMask = 2147483647;
			files = (
				110187B7F78DAA7D27233738 /* Pods_RealmStudy.framework in Frameworks */,
			);
			runOnlyForDeploymentPostprocessing = 0;
		};
/* End PBXFrameworksBuildPhase section */

/* Begin PBXGroup section */
		45D2C37E70CE1DBA38FB0B10 /* Pods */ = {
			isa = PBXGroup;
			children = (
				F0870E1CF19301C325C1EB2E /* Pods-RealmStudy.debug.xcconfig */,
				82CA032743CC5E9245EB1A0F /* Pods-RealmStudy.release.xcconfig */,
			);
			path = Pods;
			sourceTree = "<group>";
		};
		4F59D3CBF55A16490AC3D2B2 /* Frameworks */ = {
			isa = PBXGroup;
			children = (
				6C046C117E06122A4EB6AD2C /* Pods_RealmStudy.framework */,
			);
			name = Frameworks;
			sourceTree = "<group>";
		};
		D3D0054524930D0400D23007 = {
			isa = PBXGroup;
			children = (
				D3D0055024930D0400D23007 /* RealmStudy */,
				D3D0054F24930D0400D23007 /* Products */,
				45D2C37E70CE1DBA38FB0B10 /* Pods */,
				4F59D3CBF55A16490AC3D2B2 /* Frameworks */,
			);
			sourceTree = "<group>";
		};
		D3D0054F24930D0400D23007 /* Products */ = {
			isa = PBXGroup;
			children = (
				D3D0054E24930D0400D23007 /* RealmStudy.app */,
			);
			name = Products;
			sourceTree = "<group>";
		};
		D3D0055024930D0400D23007 /* RealmStudy */ = {
			isa = PBXGroup;
			children = (
				D3D0055F24930D0C00D23007 /* Info.plist */,
				D3D0055124930D0400D23007 /* AppDelegate.swift */,
				D383042A2493102F00A827D0 /* Account.swift */,
				D3D0055324930D0400D23007 /* SceneDelegate.swift */,
				D3D0055524930D0400D23007 /* ViewController.swift */,
				D3D0055A24930D0C00D23007 /* Assets.xcassets */,
				D3D0055C24930D0C00D23007 /* LaunchScreen.storyboard */,
				D3D0055724930D0500D23007 /* Main.storyboard */,
			);
			path = RealmStudy;
			sourceTree = "<group>";
		};
/* End PBXGroup section */

/* Begin PBXNativeTarget section */
		D3D0054D24930D0400D23007 /* RealmStudy */ = {
			isa = PBXNativeTarget;
			buildConfigurationList = D3D0056224930D0C00D23007 /* Build configuration list for PBXNativeTarget "RealmStudy" */;
			buildPhases = (
				CF060A1C6D72FC7049374407 /* [CP] Check Pods Manifest.lock */,
				D3D0054A24930D0400D23007 /* Sources */,
				D3D0054B24930D0400D23007 /* Frameworks */,
				D3D0054C24930D0400D23007 /* Resources */,
				73884F9E6BCA58B5B7FD28FF /* [CP] Embed Pods Frameworks */,
			);
			buildRules = (
			);
			dependencies = (
			);
			name = RealmStudy;
			productName = RealmStudy;
			productReference = D3D0054E24930D0400D23007 /* RealmStudy.app */;
			productType = "com.apple.product-type.application";
		};
/* End PBXNativeTarget section */

/* Begin PBXProject section */
		D3D0054624930D0400D23007 /* Project object */ = {
			isa = PBXProject;
			attributes = {
				LastSwiftUpdateCheck = 1150;
				LastUpgradeCheck = 1150;
				ORGANIZATIONNAME = "Fumiya Tanaka";
				TargetAttributes = {
					D3D0054D24930D0400D23007 = {
						CreatedOnToolsVersion = 11.5;
					};
				};
			};
			buildConfigurationList = D3D0054924930D0400D23007 /* Build configuration list for PBXProject "RealmStudy" */;
			compatibilityVersion = "Xcode 9.3";
			developmentRegion = en;
			hasScannedForEncodings = 0;
			knownRegions = (
				en,
				Base,
			);
			mainGroup = D3D0054524930D0400D23007;
			productRefGroup = D3D0054F24930D0400D23007 /* Products */;
			projectDirPath = "";
			projectRoot = "";
			targets = (
				D3D0054D24930D0400D23007 /* RealmStudy */,
			);
		};
/* End PBXProject section */

/* Begin PBXResourcesBuildPhase section */
		D3D0054C24930D0400D23007 /* Resources */ = {
			isa = PBXResourcesBuildPhase;
			buildActionMask = 2147483647;
			files = (
				D3D0055E24930D0C00D23007 /* LaunchScreen.storyboard in Resources */,
				D3D0055B24930D0C00D23007 /* Assets.xcassets in Resources */,
				D3D0055924930D0500D23007 /* Main.storyboard in Resources */,
			);
			runOnlyForDeploymentPostprocessing = 0;
		};
/* End PBXResourcesBuildPhase section */

/* Begin PBXShellScriptBuildPhase section */
		73884F9E6BCA58B5B7FD28FF /* [CP] Embed Pods Frameworks */ = {
			isa = PBXShellScriptBuildPhase;
			buildActionMask = 2147483647;
			files = (
			);
			inputFileListPaths = (
				"${PODS_ROOT}/Target Support Files/Pods-RealmStudy/Pods-RealmStudy-frameworks-${CONFIGURATION}-input-files.xcfilelist",
			);
			name = "[CP] Embed Pods Frameworks";
			outputFileListPaths = (
				"${PODS_ROOT}/Target Support Files/Pods-RealmStudy/Pods-RealmStudy-frameworks-${CONFIGURATION}-output-files.xcfilelist",
			);
			runOnlyForDeploymentPostprocessing = 0;
			shellPath = /bin/sh;
			shellScript = "\"${PODS_ROOT}/Target Support Files/Pods-RealmStudy/Pods-RealmStudy-frameworks.sh\"\n";
			showEnvVarsInLog = 0;
		};
		CF060A1C6D72FC7049374407 /* [CP] Check Pods Manifest.lock */ = {
			isa = PBXShellScriptBuildPhase;
			buildActionMask = 2147483647;
			files = (
			);
			inputFileListPaths = (
			);
			inputPaths = (
				"${PODS_PODFILE_DIR_PATH}/Podfile.lock",
				"${PODS_ROOT}/Manifest.lock",
			);
			name = "[CP] Check Pods Manifest.lock";
			outputFileListPaths = (
			);
			outputPaths = (
				"$(DERIVED_FILE_DIR)/Pods-RealmStudy-checkManifestLockResult.txt",
			);
			runOnlyForDeploymentPostprocessing = 0;
			shellPath = /bin/sh;
			shellScript = "diff \"${PODS_PODFILE_DIR_PATH}/Podfile.lock\" \"${PODS_ROOT}/Manifest.lock\" > /dev/null\nif [ $? != 0 ] ; then\n    # print error to STDERR\n    echo \"error: The sandbox is not in sync with the Podfile.lock. Run 'pod install' or update your CocoaPods installation.\" >&2\n    exit 1\nfi\n# This output is used by Xcode 'outputs' to avoid re-running this script phase.\necho \"SUCCESS\" > \"${SCRIPT_OUTPUT_FILE_0}\"\n";
			showEnvVarsInLog = 0;
		};
/* End PBXShellScriptBuildPhase section */

/* Begin PBXSourcesBuildPhase section */
		D3D0054A24930D0400D23007 /* Sources */ = {
			isa = PBXSourcesBuildPhase;
			buildActionMask = 2147483647;
			files = (
				D383042B2493102F00A827D0 /* Account.swift in Sources */,
				D3D0055624930D0400D23007 /* ViewController.swift in Sources */,
				D3D0055224930D0400D23007 /* AppDelegate.swift in Sources */,
				D3D0055424930D0400D23007 /* SceneDelegate.swift in Sources */,
			);
			runOnlyForDeploymentPostprocessing = 0;
		};
/* End PBXSourcesBuildPhase section */

/* Begin PBXVariantGroup section */
		D3D0055724930D0500D23007 /* Main.storyboard */ = {
			isa = PBXVariantGroup;
			children = (
				D3D0055824930D0500D23007 /* Base */,
			);
			name = Main.storyboard;
			sourceTree = "<group>";
		};
		D3D0055C24930D0C00D23007 /* LaunchScreen.storyboard */ = {
			isa = PBXVariantGroup;
			children = (
				D3D0055D24930D0C00D23007 /* Base */,
			);
			name = LaunchScreen.storyboard;
			sourceTree = "<group>";
		};
/* End PBXVariantGroup section */

/* Begin XCBuildConfiguration section */
		D3D0056024930D0C00D23007 /* Debug */ = {
			isa = XCBuildConfiguration;
			buildSettings = {
				ALWAYS_SEARCH_USER_PATHS = NO;
				CLANG_ANALYZER_NONNULL = YES;
				CLANG_ANALYZER_NUMBER_OBJECT_CONVERSION = YES_AGGRESSIVE;
				CLANG_CXX_LANGUAGE_STANDARD = "gnu++14";
				CLANG_CXX_LIBRARY = "libc++";
				CLANG_ENABLE_MODULES = YES;
				CLANG_ENABLE_OBJC_ARC = YES;
				CLANG_ENABLE_OBJC_WEAK = YES;
				CLANG_WARN_BLOCK_CAPTURE_AUTORELEASING = YES;
				CLANG_WARN_BOOL_CONVERSION = YES;
				CLANG_WARN_COMMA = YES;
				CLANG_WARN_CONSTANT_CONVERSION = YES;
				CLANG_WARN_DEPRECATED_OBJC_IMPLEMENTATIONS = YES;
				CLANG_WARN_DIRECT_OBJC_ISA_USAGE = YES_ERROR;
				CLANG_WARN_DOCUMENTATION_COMMENTS = YES;
				CLANG_WARN_EMPTY_BODY = YES;
				CLANG_WARN_ENUM_CONVERSION = YES;
				CLANG_WARN_INFINITE_RECURSION = YES;
				CLANG_WARN_INT_CONVERSION = YES;
				CLANG_WARN_NON_LITERAL_NULL_CONVERSION = YES;
				CLANG_WARN_OBJC_IMPLICIT_RETAIN_SELF = YES;
				CLANG_WARN_OBJC_LITERAL_CONVERSION = YES;
				CLANG_WARN_OBJC_ROOT_CLASS = YES_ERROR;
				CLANG_WARN_RANGE_LOOP_ANALYSIS = YES;
				CLANG_WARN_STRICT_PROTOTYPES = YES;
				CLANG_WARN_SUSPICIOUS_MOVE = YES;
				CLANG_WARN_UNGUARDED_AVAILABILITY = YES_AGGRESSIVE;
				CLANG_WARN_UNREACHABLE_CODE = YES;
				CLANG_WARN__DUPLICATE_METHOD_MATCH = YES;
				COPY_PHASE_STRIP = NO;
				DEBUG_INFORMATION_FORMAT = dwarf;
				ENABLE_STRICT_OBJC_MSGSEND = YES;
				ENABLE_TESTABILITY = YES;
				GCC_C_LANGUAGE_STANDARD = gnu11;
				GCC_DYNAMIC_NO_PIC = NO;
				GCC_NO_COMMON_BLOCKS = YES;
				GCC_OPTIMIZATION_LEVEL = 0;
				GCC_PREPROCESSOR_DEFINITIONS = (
					"DEBUG=1",
					"$(inherited)",
				);
				GCC_WARN_64_TO_32_BIT_CONVERSION = YES;
				GCC_WARN_ABOUT_RETURN_TYPE = YES_ERROR;
				GCC_WARN_UNDECLARED_SELECTOR = YES;
				GCC_WARN_UNINITIALIZED_AUTOS = YES_AGGRESSIVE;
				GCC_WARN_UNUSED_FUNCTION = YES;
				GCC_WARN_UNUSED_VARIABLE = YES;
				IPHONEOS_DEPLOYMENT_TARGET = 13.5;
				MTL_ENABLE_DEBUG_INFO = INCLUDE_SOURCE;
				MTL_FAST_MATH = YES;
				ONLY_ACTIVE_ARCH = YES;
				SDKROOT = iphoneos;
				SWIFT_ACTIVE_COMPILATION_CONDITIONS = DEBUG;
				SWIFT_OPTIMIZATION_LEVEL = "-Onone";
			};
			name = Debug;
		};
		D3D0056124930D0C00D23007 /* Release */ = {
			isa = XCBuildConfiguration;
			buildSettings = {
				ALWAYS_SEARCH_USER_PATHS = NO;
				CLANG_ANALYZER_NONNULL = YES;
				CLANG_ANALYZER_NUMBER_OBJECT_CONVERSION = YES_AGGRESSIVE;
				CLANG_CXX_LANGUAGE_STANDARD = "gnu++14";
				CLANG_CXX_LIBRARY = "libc++";
				CLANG_ENABLE_MODULES = YES;
				CLANG_ENABLE_OBJC_ARC = YES;
				CLANG_ENABLE_OBJC_WEAK = YES;
				CLANG_WARN_BLOCK_CAPTURE_AUTORELEASING = YES;
				CLANG_WARN_BOOL_CONVERSION = YES;
				CLANG_WARN_COMMA = YES;
				CLANG_WARN_CONSTANT_CONVERSION = YES;
				CLANG_WARN_DEPRECATED_OBJC_IMPLEMENTATIONS = YES;
				CLANG_WARN_DIRECT_OBJC_ISA_USAGE = YES_ERROR;
				CLANG_WARN_DOCUMENTATION_COMMENTS = YES;
				CLANG_WARN_EMPTY_BODY = YES;
				CLANG_WARN_ENUM_CONVERSION = YES;
				CLANG_WARN_INFINITE_RECURSION = YES;
				CLANG_WARN_INT_CONVERSION = YES;
				CLANG_WARN_NON_LITERAL_NULL_CONVERSION = YES;
				CLANG_WARN_OBJC_IMPLICIT_RETAIN_SELF = YES;
				CLANG_WARN_OBJC_LITERAL_CONVERSION = YES;
				CLANG_WARN_OBJC_ROOT_CLASS = YES_ERROR;
				CLANG_WARN_RANGE_LOOP_ANALYSIS = YES;
				CLANG_WARN_STRICT_PROTOTYPES = YES;
				CLANG_WARN_SUSPICIOUS_MOVE = YES;
				CLANG_WARN_UNGUARDED_AVAILABILITY = YES_AGGRESSIVE;
				CLANG_WARN_UNREACHABLE_CODE = YES;
				CLANG_WARN__DUPLICATE_METHOD_MATCH = YES;
				COPY_PHASE_STRIP = NO;
				DEBUG_INFORMATION_FORMAT = "dwarf-with-dsym";
				ENABLE_NS_ASSERTIONS = NO;
				ENABLE_STRICT_OBJC_MSGSEND = YES;
				GCC_C_LANGUAGE_STANDARD = gnu11;
				GCC_NO_COMMON_BLOCKS = YES;
				GCC_WARN_64_TO_32_BIT_CONVERSION = YES;
				GCC_WARN_ABOUT_RETURN_TYPE = YES_ERROR;
				GCC_WARN_UNDECLARED_SELECTOR = YES;
				GCC_WARN_UNINITIALIZED_AUTOS = YES_AGGRESSIVE;
				GCC_WARN_UNUSED_FUNCTION = YES;
				GCC_WARN_UNUSED_VARIABLE = YES;
				IPHONEOS_DEPLOYMENT_TARGET = 13.5;
				MTL_ENABLE_DEBUG_INFO = NO;
				MTL_FAST_MATH = YES;
				SDKROOT = iphoneos;
				SWIFT_COMPILATION_MODE = wholemodule;
				SWIFT_OPTIMIZATION_LEVEL = "-O";
				VALIDATE_PRODUCT = YES;
			};
			name = Release;
		};
		D3D0056324930D0C00D23007 /* Debug */ = {
			isa = XCBuildConfiguration;
			baseConfigurationReference = F0870E1CF19301C325C1EB2E /* Pods-RealmStudy.debug.xcconfig */;
			buildSettings = {
				ASSETCATALOG_COMPILER_APPICON_NAME = AppIcon;
				CODE_SIGN_STYLE = Automatic;
				DEVELOPMENT_TEAM = 2X6AD4W323;
				INFOPLIST_FILE = RealmStudy/Info.plist;
				LD_RUNPATH_SEARCH_PATHS = (
					"$(inherited)",
					"@executable_path/Frameworks",
				);
				PRODUCT_BUNDLE_IDENTIFIER = dev.fummicc1.sample.RealmStudy;
				PRODUCT_NAME = "$(TARGET_NAME)";
				SWIFT_VERSION = 5.0;
				TARGETED_DEVICE_FAMILY = "1,2";
			};
			name = Debug;
		};
		D3D0056424930D0C00D23007 /* Release */ = {
			isa = XCBuildConfiguration;
			baseConfigurationReference = 82CA032743CC5E9245EB1A0F /* Pods-RealmStudy.release.xcconfig */;
			buildSettings = {
				ASSETCATALOG_COMPILER_APPICON_NAME = AppIcon;
				CODE_SIGN_STYLE = Automatic;
				DEVELOPMENT_TEAM = 2X6AD4W323;
				INFOPLIST_FILE = RealmStudy/Info.plist;
				LD_RUNPATH_SEARCH_PATHS = (
					"$(inherited)",
					"@executable_path/Frameworks",
				);
				PRODUCT_BUNDLE_IDENTIFIER = dev.fummicc1.sample.RealmStudy;
				PRODUCT_NAME = "$(TARGET_NAME)";
				SWIFT_VERSION = 5.0;
				TARGETED_DEVICE_FAMILY = "1,2";
			};
			name = Release;
		};
/* End XCBuildConfiguration section */

/* Begin XCConfigurationList section */
		D3D0054924930D0400D23007 /* Build configuration list for PBXProject "RealmStudy" */ = {
			isa = XCConfigurationList;
			buildConfigurations = (
				D3D0056024930D0C00D23007 /* Debug */,
				D3D0056124930D0C00D23007 /* Release */,
			);
			defaultConfigurationIsVisible = 0;
			defaultConfigurationName = Release;
		};
		D3D0056224930D0C00D23007 /* Build configuration list for PBXNativeTarget "RealmStudy" */ = {
			isa = XCConfigurationList;
			buildConfigurations = (
				D3D0056324930D0C00D23007 /* Debug */,
				D3D0056424930D0C00D23007 /* Release */,
			);
			defaultConfigurationIsVisible = 0;
			defaultConfigurationName = Release;
		};
/* End XCConfigurationList section */
	};
	rootObject = D3D0054624930D0400D23007 /* Project object */;
}
